// !$*UTF8*$!
{
	archiveVersion = 1;
	classes = {
	};
	objectVersion = 46;
	objects = {

/* Begin PBXBuildFile section */
		473551B661F814799B4E70BC /* Pods_Moby.framework in Frameworks */ = {isa = PBXBuildFile; fileRef = 323CF8F0686BB4E8C8BE1455 /* Pods_Moby.framework */; };
		AB0BA4AC1DC15F5D003F7802 /* AppDelegate.swift in Sources */ = {isa = PBXBuildFile; fileRef = AB0BA4AB1DC15F5D003F7802 /* AppDelegate.swift */; };
		AB0BA4AE1DC15F5D003F7802 /* ViewController.swift in Sources */ = {isa = PBXBuildFile; fileRef = AB0BA4AD1DC15F5D003F7802 /* ViewController.swift */; };
		AB0BA4B11DC15F5D003F7802 /* Main.storyboard in Resources */ = {isa = PBXBuildFile; fileRef = AB0BA4AF1DC15F5D003F7802 /* Main.storyboard */; };
		AB0BA4B31DC15F5D003F7802 /* Assets.xcassets in Resources */ = {isa = PBXBuildFile; fileRef = AB0BA4B21DC15F5D003F7802 /* Assets.xcassets */; };
		AB0BA4B61DC15F5D003F7802 /* LaunchScreen.storyboard in Resources */ = {isa = PBXBuildFile; fileRef = AB0BA4B41DC15F5D003F7802 /* LaunchScreen.storyboard */; };
		AB0BA4C11DC15F5D003F7802 /* MobyTests.swift in Sources */ = {isa = PBXBuildFile; fileRef = AB0BA4C01DC15F5D003F7802 /* MobyTests.swift */; };
		AB0BA4CC1DC15F5D003F7802 /* MobyUITests.swift in Sources */ = {isa = PBXBuildFile; fileRef = AB0BA4CB1DC15F5D003F7802 /* MobyUITests.swift */; };
		AB10DF241E8230F20075133D /* IDScannerViewController.swift in Sources */ = {isa = PBXBuildFile; fileRef = AB10DF231E8230F20075133D /* IDScannerViewController.swift */; };
		AB20BCD51E632843007DADCA /* Constants.swift in Sources */ = {isa = PBXBuildFile; fileRef = AB20BCD41E632843007DADCA /* Constants.swift */; };
		AB20BCD71E63299B007DADCA /* FishGenerator.swift in Sources */ = {isa = PBXBuildFile; fileRef = AB20BCD61E63299B007DADCA /* FishGenerator.swift */; };
		AB25495C1E3E3CBB000D3E82 /* RealTime.swift in Sources */ = {isa = PBXBuildFile; fileRef = AB25495B1E3E3CBB000D3E82 /* RealTime.swift */; };
		AB25495F1E3E675D000D3E82 /* Location.swift in Sources */ = {isa = PBXBuildFile; fileRef = AB25495E1E3E675D000D3E82 /* Location.swift */; };
		AB261CEB1E8FFDA400DF97CE /* BarView.swift in Sources */ = {isa = PBXBuildFile; fileRef = AB261CEA1E8FFDA400DF97CE /* BarView.swift */; };
		AB261CED1E8FFFBC00DF97CE /* ExploreExtension.swift in Sources */ = {isa = PBXBuildFile; fileRef = AB261CEC1E8FFFBC00DF97CE /* ExploreExtension.swift */; };
		AB261CEF1E90273900DF97CE /* FilterView.swift in Sources */ = {isa = PBXBuildFile; fileRef = AB261CEE1E90273900DF97CE /* FilterView.swift */; };
		AB261CF11E90430900DF97CE /* DefaultBar.swift in Sources */ = {isa = PBXBuildFile; fileRef = AB261CF01E90430900DF97CE /* DefaultBar.swift */; };
		AB33136E1E3992DF00F4CD3F /* MainViewController.swift in Sources */ = {isa = PBXBuildFile; fileRef = AB33136D1E3992DF00F4CD3F /* MainViewController.swift */; };
		AB33AF081E824A83005AFA6F /* MultiPartUpload.swift in Sources */ = {isa = PBXBuildFile; fileRef = AB33AF071E824A83005AFA6F /* MultiPartUpload.swift */; };
		AB3AA2791DC2CE4C000FC168 /* MobyBoat.swift in Sources */ = {isa = PBXBuildFile; fileRef = AB3AA2781DC2CE4C000FC168 /* MobyBoat.swift */; };
		AB3AA27B1DC2CE62000FC168 /* Captin.swift in Sources */ = {isa = PBXBuildFile; fileRef = AB3AA27A1DC2CE62000FC168 /* Captin.swift */; };
		AB3AA27D1DC2CE7D000FC168 /* Fishermen.swift in Sources */ = {isa = PBXBuildFile; fileRef = AB3AA27C1DC2CE7D000FC168 /* Fishermen.swift */; };
		AB3AA2821DC2E63C000FC168 /* Client.swift in Sources */ = {isa = PBXBuildFile; fileRef = AB3AA2811DC2E63C000FC168 /* Client.swift */; };
		AB41EE4F1DC7FCD100B2D71D /* SignupController.swift in Sources */ = {isa = PBXBuildFile; fileRef = AB41EE4E1DC7FCD100B2D71D /* SignupController.swift */; };
		AB4691C11E85A7DD00266C1E /* BankViewController.swift in Sources */ = {isa = PBXBuildFile; fileRef = AB4691C01E85A7DD00266C1E /* BankViewController.swift */; };
		AB524D571E880EAB00575BAA /* DataStore.swift in Sources */ = {isa = PBXBuildFile; fileRef = AB524D561E880EAB00575BAA /* DataStore.swift */; };
		AB5BFFD81E632FF5004A1820 /* LoginViewController.swift in Sources */ = {isa = PBXBuildFile; fileRef = AB5BFFD71E632FF5004A1820 /* LoginViewController.swift */; };
		AB65030F1E7EB1E600127E9F /* CardCell.swift in Sources */ = {isa = PBXBuildFile; fileRef = AB65030E1E7EB1E600127E9F /* CardCell.swift */; };
		AB6503111E7EB93700127E9F /* ExploreViewController.swift in Sources */ = {isa = PBXBuildFile; fileRef = AB6503101E7EB93700127E9F /* ExploreViewController.swift */; };
		AB9201831E8850760042F1E8 /* SearchClient.swift in Sources */ = {isa = PBXBuildFile; fileRef = AB9201821E8850760042F1E8 /* SearchClient.swift */; };
		AB9201851E8850D60042F1E8 /* SearchModel.swift in Sources */ = {isa = PBXBuildFile; fileRef = AB9201841E8850D60042F1E8 /* SearchModel.swift */; };
		AB9201871E8864150042F1E8 /* Trip.swift in Sources */ = {isa = PBXBuildFile; fileRef = AB9201861E8864150042F1E8 /* Trip.swift */; };
		AB9201891E8864260042F1E8 /* Charge.swift in Sources */ = {isa = PBXBuildFile; fileRef = AB9201881E8864260042F1E8 /* Charge.swift */; };
		AB92018B1E8864370042F1E8 /* BoatImages.swift in Sources */ = {isa = PBXBuildFile; fileRef = AB92018A1E8864370042F1E8 /* BoatImages.swift */; };
		ABBD9E6D1E6341C700BB6AA1 /* ScanCardViewController.swift in Sources */ = {isa = PBXBuildFile; fileRef = ABBD9E6C1E6341C700BB6AA1 /* ScanCardViewController.swift */; };
		ABBD9E701E6352C500BB6AA1 /* CaptinCell.swift in Sources */ = {isa = PBXBuildFile; fileRef = ABBD9E6F1E6352C500BB6AA1 /* CaptinCell.swift */; };
		ABC010061E834FB900293E6B /* StripeClient.swift in Sources */ = {isa = PBXBuildFile; fileRef = ABC010051E834FB900293E6B /* StripeClient.swift */; };
		ABF3DC5D1DC6BF54009D09CC /* LandingViewController.swift in Sources */ = {isa = PBXBuildFile; fileRef = ABF3DC5C1DC6BF54009D09CC /* LandingViewController.swift */; };
/* End PBXBuildFile section */

/* Begin PBXContainerItemProxy section */
		AB0BA4BD1DC15F5D003F7802 /* PBXContainerItemProxy */ = {
			isa = PBXContainerItemProxy;
			containerPortal = AB0BA4A01DC15F5C003F7802 /* Project object */;
			proxyType = 1;
			remoteGlobalIDString = AB0BA4A71DC15F5C003F7802;
			remoteInfo = Moby;
		};
		AB0BA4C81DC15F5D003F7802 /* PBXContainerItemProxy */ = {
			isa = PBXContainerItemProxy;
			containerPortal = AB0BA4A01DC15F5C003F7802 /* Project object */;
			proxyType = 1;
			remoteGlobalIDString = AB0BA4A71DC15F5C003F7802;
			remoteInfo = Moby;
		};
/* End PBXContainerItemProxy section */

/* Begin PBXFileReference section */
		1D7EEC2D08EC49F43296277A /* Pods-Moby.release.xcconfig */ = {isa = PBXFileReference; includeInIndex = 1; lastKnownFileType = text.xcconfig; name = "Pods-Moby.release.xcconfig"; path = "Pods/Target Support Files/Pods-Moby/Pods-Moby.release.xcconfig"; sourceTree = "<group>"; };
		323CF8F0686BB4E8C8BE1455 /* Pods_Moby.framework */ = {isa = PBXFileReference; explicitFileType = wrapper.framework; includeInIndex = 0; path = Pods_Moby.framework; sourceTree = BUILT_PRODUCTS_DIR; };
		AB0BA4A81DC15F5C003F7802 /* Moby.app */ = {isa = PBXFileReference; explicitFileType = wrapper.application; includeInIndex = 0; path = Moby.app; sourceTree = BUILT_PRODUCTS_DIR; };
		AB0BA4AB1DC15F5D003F7802 /* AppDelegate.swift */ = {isa = PBXFileReference; lastKnownFileType = sourcecode.swift; path = AppDelegate.swift; sourceTree = "<group>"; };
		AB0BA4AD1DC15F5D003F7802 /* ViewController.swift */ = {isa = PBXFileReference; lastKnownFileType = sourcecode.swift; path = ViewController.swift; sourceTree = "<group>"; };
		AB0BA4B01DC15F5D003F7802 /* Base */ = {isa = PBXFileReference; lastKnownFileType = file.storyboard; name = Base; path = Base.lproj/Main.storyboard; sourceTree = "<group>"; };
		AB0BA4B21DC15F5D003F7802 /* Assets.xcassets */ = {isa = PBXFileReference; lastKnownFileType = folder.assetcatalog; path = Assets.xcassets; sourceTree = "<group>"; };
		AB0BA4B51DC15F5D003F7802 /* Base */ = {isa = PBXFileReference; lastKnownFileType = file.storyboard; name = Base; path = Base.lproj/LaunchScreen.storyboard; sourceTree = "<group>"; };
		AB0BA4B71DC15F5D003F7802 /* Info.plist */ = {isa = PBXFileReference; lastKnownFileType = text.plist.xml; path = Info.plist; sourceTree = "<group>"; };
		AB0BA4BC1DC15F5D003F7802 /* MobyTests.xctest */ = {isa = PBXFileReference; explicitFileType = wrapper.cfbundle; includeInIndex = 0; path = MobyTests.xctest; sourceTree = BUILT_PRODUCTS_DIR; };
		AB0BA4C01DC15F5D003F7802 /* MobyTests.swift */ = {isa = PBXFileReference; lastKnownFileType = sourcecode.swift; path = MobyTests.swift; sourceTree = "<group>"; };
		AB0BA4C21DC15F5D003F7802 /* Info.plist */ = {isa = PBXFileReference; lastKnownFileType = text.plist.xml; path = Info.plist; sourceTree = "<group>"; };
		AB0BA4C71DC15F5D003F7802 /* MobyUITests.xctest */ = {isa = PBXFileReference; explicitFileType = wrapper.cfbundle; includeInIndex = 0; path = MobyUITests.xctest; sourceTree = BUILT_PRODUCTS_DIR; };
		AB0BA4CB1DC15F5D003F7802 /* MobyUITests.swift */ = {isa = PBXFileReference; lastKnownFileType = sourcecode.swift; path = MobyUITests.swift; sourceTree = "<group>"; };
		AB0BA4CD1DC15F5D003F7802 /* Info.plist */ = {isa = PBXFileReference; lastKnownFileType = text.plist.xml; path = Info.plist; sourceTree = "<group>"; };
		AB10DF231E8230F20075133D /* IDScannerViewController.swift */ = {isa = PBXFileReference; fileEncoding = 4; lastKnownFileType = sourcecode.swift; path = IDScannerViewController.swift; sourceTree = "<group>"; };
		AB20BCD41E632843007DADCA /* Constants.swift */ = {isa = PBXFileReference; fileEncoding = 4; lastKnownFileType = sourcecode.swift; path = Constants.swift; sourceTree = "<group>"; };
		AB20BCD61E63299B007DADCA /* FishGenerator.swift */ = {isa = PBXFileReference; fileEncoding = 4; lastKnownFileType = sourcecode.swift; path = FishGenerator.swift; sourceTree = "<group>"; };
		AB25495B1E3E3CBB000D3E82 /* RealTime.swift */ = {isa = PBXFileReference; fileEncoding = 4; lastKnownFileType = sourcecode.swift; path = RealTime.swift; sourceTree = "<group>"; };
		AB25495E1E3E675D000D3E82 /* Location.swift */ = {isa = PBXFileReference; fileEncoding = 4; lastKnownFileType = sourcecode.swift; path = Location.swift; sourceTree = "<group>"; };
		AB261CEA1E8FFDA400DF97CE /* BarView.swift */ = {isa = PBXFileReference; fileEncoding = 4; lastKnownFileType = sourcecode.swift; path = BarView.swift; sourceTree = "<group>"; };
		AB261CEC1E8FFFBC00DF97CE /* ExploreExtension.swift */ = {isa = PBXFileReference; fileEncoding = 4; lastKnownFileType = sourcecode.swift; path = ExploreExtension.swift; sourceTree = "<group>"; };
		AB261CEE1E90273900DF97CE /* FilterView.swift */ = {isa = PBXFileReference; fileEncoding = 4; lastKnownFileType = sourcecode.swift; path = FilterView.swift; sourceTree = "<group>"; };
		AB261CF01E90430900DF97CE /* DefaultBar.swift */ = {isa = PBXFileReference; fileEncoding = 4; lastKnownFileType = sourcecode.swift; path = DefaultBar.swift; sourceTree = "<group>"; };
		AB33136C1E39907800F4CD3F /* Header.h */ = {isa = PBXFileReference; lastKnownFileType = sourcecode.c.h; path = Header.h; sourceTree = "<group>"; };
		AB33136D1E3992DF00F4CD3F /* MainViewController.swift */ = {isa = PBXFileReference; fileEncoding = 4; lastKnownFileType = sourcecode.swift; path = MainViewController.swift; sourceTree = "<group>"; };
		AB33AF071E824A83005AFA6F /* MultiPartUpload.swift */ = {isa = PBXFileReference; fileEncoding = 4; lastKnownFileType = sourcecode.swift; path = MultiPartUpload.swift; sourceTree = "<group>"; };
		AB3AA2781DC2CE4C000FC168 /* MobyBoat.swift */ = {isa = PBXFileReference; fileEncoding = 4; lastKnownFileType = sourcecode.swift; path = MobyBoat.swift; sourceTree = "<group>"; };
		AB3AA27A1DC2CE62000FC168 /* Captin.swift */ = {isa = PBXFileReference; fileEncoding = 4; lastKnownFileType = sourcecode.swift; path = Captin.swift; sourceTree = "<group>"; };
		AB3AA27C1DC2CE7D000FC168 /* Fishermen.swift */ = {isa = PBXFileReference; fileEncoding = 4; lastKnownFileType = sourcecode.swift; path = Fishermen.swift; sourceTree = "<group>"; };
		AB3AA2811DC2E63C000FC168 /* Client.swift */ = {isa = PBXFileReference; fileEncoding = 4; lastKnownFileType = sourcecode.swift; path = Client.swift; sourceTree = "<group>"; };
		AB41EE4E1DC7FCD100B2D71D /* SignupController.swift */ = {isa = PBXFileReference; fileEncoding = 4; lastKnownFileType = sourcecode.swift; path = SignupController.swift; sourceTree = "<group>"; };
		AB4691C01E85A7DD00266C1E /* BankViewController.swift */ = {isa = PBXFileReference; fileEncoding = 4; lastKnownFileType = sourcecode.swift; path = BankViewController.swift; sourceTree = "<group>"; };
		AB524D561E880EAB00575BAA /* DataStore.swift */ = {isa = PBXFileReference; fileEncoding = 4; lastKnownFileType = sourcecode.swift; path = DataStore.swift; sourceTree = "<group>"; };
		AB5BFFD71E632FF5004A1820 /* LoginViewController.swift */ = {isa = PBXFileReference; fileEncoding = 4; lastKnownFileType = sourcecode.swift; path = LoginViewController.swift; sourceTree = "<group>"; };
		AB65030E1E7EB1E600127E9F /* CardCell.swift */ = {isa = PBXFileReference; fileEncoding = 4; lastKnownFileType = sourcecode.swift; path = CardCell.swift; sourceTree = "<group>"; };
		AB6503101E7EB93700127E9F /* ExploreViewController.swift */ = {isa = PBXFileReference; fileEncoding = 4; lastKnownFileType = sourcecode.swift; path = ExploreViewController.swift; sourceTree = "<group>"; };
		AB9201821E8850760042F1E8 /* SearchClient.swift */ = {isa = PBXFileReference; fileEncoding = 4; lastKnownFileType = sourcecode.swift; path = SearchClient.swift; sourceTree = "<group>"; };
		AB9201841E8850D60042F1E8 /* SearchModel.swift */ = {isa = PBXFileReference; fileEncoding = 4; lastKnownFileType = sourcecode.swift; path = SearchModel.swift; sourceTree = "<group>"; };
		AB9201861E8864150042F1E8 /* Trip.swift */ = {isa = PBXFileReference; fileEncoding = 4; lastKnownFileType = sourcecode.swift; path = Trip.swift; sourceTree = "<group>"; };
		AB9201881E8864260042F1E8 /* Charge.swift */ = {isa = PBXFileReference; fileEncoding = 4; lastKnownFileType = sourcecode.swift; path = Charge.swift; sourceTree = "<group>"; };
		AB92018A1E8864370042F1E8 /* BoatImages.swift */ = {isa = PBXFileReference; fileEncoding = 4; lastKnownFileType = sourcecode.swift; path = BoatImages.swift; sourceTree = "<group>"; };
		ABBD9E6C1E6341C700BB6AA1 /* ScanCardViewController.swift */ = {isa = PBXFileReference; fileEncoding = 4; lastKnownFileType = sourcecode.swift; path = ScanCardViewController.swift; sourceTree = "<group>"; };
		ABBD9E6F1E6352C500BB6AA1 /* CaptinCell.swift */ = {isa = PBXFileReference; fileEncoding = 4; lastKnownFileType = sourcecode.swift; path = CaptinCell.swift; sourceTree = "<group>"; };
		ABC010051E834FB900293E6B /* StripeClient.swift */ = {isa = PBXFileReference; fileEncoding = 4; lastKnownFileType = sourcecode.swift; path = StripeClient.swift; sourceTree = "<group>"; };
		ABF3DC5C1DC6BF54009D09CC /* LandingViewController.swift */ = {isa = PBXFileReference; fileEncoding = 4; lastKnownFileType = sourcecode.swift; path = LandingViewController.swift; sourceTree = "<group>"; };
		DD01DC8344D68B8FF8FF3850 /* Pods-Moby.debug.xcconfig */ = {isa = PBXFileReference; includeInIndex = 1; lastKnownFileType = text.xcconfig; name = "Pods-Moby.debug.xcconfig"; path = "Pods/Target Support Files/Pods-Moby/Pods-Moby.debug.xcconfig"; sourceTree = "<group>"; };
/* End PBXFileReference section */

/* Begin PBXFrameworksBuildPhase section */
		AB0BA4A51DC15F5C003F7802 /* Frameworks */ = {
			isa = PBXFrameworksBuildPhase;
			buildActionMask = 2147483647;
			files = (
				473551B661F814799B4E70BC /* Pods_Moby.framework in Frameworks */,
			);
			runOnlyForDeploymentPostprocessing = 0;
		};
		AB0BA4B91DC15F5D003F7802 /* Frameworks */ = {
			isa = PBXFrameworksBuildPhase;
			buildActionMask = 2147483647;
			files = (
			);
			runOnlyForDeploymentPostprocessing = 0;
		};
		AB0BA4C41DC15F5D003F7802 /* Frameworks */ = {
			isa = PBXFrameworksBuildPhase;
			buildActionMask = 2147483647;
			files = (
			);
			runOnlyForDeploymentPostprocessing = 0;
		};
/* End PBXFrameworksBuildPhase section */

/* Begin PBXGroup section */
		1984ABDEF9EBDC417B5B0A9C /* Pods */ = {
			isa = PBXGroup;
			children = (
				DD01DC8344D68B8FF8FF3850 /* Pods-Moby.debug.xcconfig */,
				1D7EEC2D08EC49F43296277A /* Pods-Moby.release.xcconfig */,
			);
			name = Pods;
			sourceTree = "<group>";
		};
		AB0BA49F1DC15F5C003F7802 = {
			isa = PBXGroup;
			children = (
				AB0BA4AA1DC15F5C003F7802 /* Moby */,
				AB0BA4BF1DC15F5D003F7802 /* MobyTests */,
				AB0BA4CA1DC15F5D003F7802 /* MobyUITests */,
				AB0BA4A91DC15F5C003F7802 /* Products */,
				1984ABDEF9EBDC417B5B0A9C /* Pods */,
				CA639CC877607399EEC15DD3 /* Frameworks */,
			);
			sourceTree = "<group>";
		};
		AB0BA4A91DC15F5C003F7802 /* Products */ = {
			isa = PBXGroup;
			children = (
				AB0BA4A81DC15F5C003F7802 /* Moby.app */,
				AB0BA4BC1DC15F5D003F7802 /* MobyTests.xctest */,
				AB0BA4C71DC15F5D003F7802 /* MobyUITests.xctest */,
			);
			name = Products;
			sourceTree = "<group>";
		};
		AB0BA4AA1DC15F5C003F7802 /* Moby */ = {
			isa = PBXGroup;
			children = (
				AB261CE91E8FFCA900DF97CE /* Views */,
				ABBD9E6E1E63528700BB6AA1 /* Cells */,
				AB25495D1E3E673B000D3E82 /* Helpers */,
				AB7F12711DC5CB55001EC977 /* Controllers */,
				AB3AA27E1DC2E61C000FC168 /* Client */,
				AB3AA2771DC2CE2C000FC168 /* Models */,
				AB0BA4AB1DC15F5D003F7802 /* AppDelegate.swift */,
				AB0BA4AF1DC15F5D003F7802 /* Main.storyboard */,
				AB0BA4B21DC15F5D003F7802 /* Assets.xcassets */,
				AB0BA4B41DC15F5D003F7802 /* LaunchScreen.storyboard */,
				AB0BA4B71DC15F5D003F7802 /* Info.plist */,
				AB33136C1E39907800F4CD3F /* Header.h */,
			);
			path = Moby;
			sourceTree = "<group>";
		};
		AB0BA4BF1DC15F5D003F7802 /* MobyTests */ = {
			isa = PBXGroup;
			children = (
				AB0BA4C01DC15F5D003F7802 /* MobyTests.swift */,
				AB0BA4C21DC15F5D003F7802 /* Info.plist */,
			);
			path = MobyTests;
			sourceTree = "<group>";
		};
		AB0BA4CA1DC15F5D003F7802 /* MobyUITests */ = {
			isa = PBXGroup;
			children = (
				AB0BA4CB1DC15F5D003F7802 /* MobyUITests.swift */,
				AB0BA4CD1DC15F5D003F7802 /* Info.plist */,
			);
			path = MobyUITests;
			sourceTree = "<group>";
		};
		AB25495D1E3E673B000D3E82 /* Helpers */ = {
			isa = PBXGroup;
			children = (
				AB25495E1E3E675D000D3E82 /* Location.swift */,
				AB20BCD41E632843007DADCA /* Constants.swift */,
				AB20BCD61E63299B007DADCA /* FishGenerator.swift */,
				AB524D561E880EAB00575BAA /* DataStore.swift */,
			);
			path = Helpers;
			sourceTree = "<group>";
		};
		AB261CE91E8FFCA900DF97CE /* Views */ = {
			isa = PBXGroup;
			children = (
				AB261CEA1E8FFDA400DF97CE /* BarView.swift */,
				AB261CEE1E90273900DF97CE /* FilterView.swift */,
				AB261CF01E90430900DF97CE /* DefaultBar.swift */,
			);
			path = Views;
			sourceTree = "<group>";
		};
		AB3AA2771DC2CE2C000FC168 /* Models */ = {
			isa = PBXGroup;
			children = (
				AB3AA2781DC2CE4C000FC168 /* MobyBoat.swift */,
				AB3AA27A1DC2CE62000FC168 /* Captin.swift */,
				AB3AA27C1DC2CE7D000FC168 /* Fishermen.swift */,
				AB9201841E8850D60042F1E8 /* SearchModel.swift */,
				AB9201861E8864150042F1E8 /* Trip.swift */,
				AB9201881E8864260042F1E8 /* Charge.swift */,
				AB92018A1E8864370042F1E8 /* BoatImages.swift */,
			);
			path = Models;
			sourceTree = "<group>";
		};
		AB3AA27E1DC2E61C000FC168 /* Client */ = {
			isa = PBXGroup;
			children = (
				AB3AA2811DC2E63C000FC168 /* Client.swift */,
				AB25495B1E3E3CBB000D3E82 /* RealTime.swift */,
				AB33AF071E824A83005AFA6F /* MultiPartUpload.swift */,
				ABC010051E834FB900293E6B /* StripeClient.swift */,
				AB9201821E8850760042F1E8 /* SearchClient.swift */,
			);
			path = Client;
			sourceTree = "<group>";
		};
		AB7F12711DC5CB55001EC977 /* Controllers */ = {
			isa = PBXGroup;
			children = (
				ABBD9E6C1E6341C700BB6AA1 /* ScanCardViewController.swift */,
				AB0BA4AD1DC15F5D003F7802 /* ViewController.swift */,
				ABF3DC5C1DC6BF54009D09CC /* LandingViewController.swift */,
				AB41EE4E1DC7FCD100B2D71D /* SignupController.swift */,
				AB33136D1E3992DF00F4CD3F /* MainViewController.swift */,
				AB5BFFD71E632FF5004A1820 /* LoginViewController.swift */,
				AB6503101E7EB93700127E9F /* ExploreViewController.swift */,
				AB10DF231E8230F20075133D /* IDScannerViewController.swift */,
				AB4691C01E85A7DD00266C1E /* BankViewController.swift */,
				AB261CEC1E8FFFBC00DF97CE /* ExploreExtension.swift */,
			);
			path = Controllers;
			sourceTree = "<group>";
		};
		ABBD9E6E1E63528700BB6AA1 /* Cells */ = {
			isa = PBXGroup;
			children = (
				ABBD9E6F1E6352C500BB6AA1 /* CaptinCell.swift */,
				AB65030E1E7EB1E600127E9F /* CardCell.swift */,
			);
			path = Cells;
			sourceTree = "<group>";
		};
		CA639CC877607399EEC15DD3 /* Frameworks */ = {
			isa = PBXGroup;
			children = (
				323CF8F0686BB4E8C8BE1455 /* Pods_Moby.framework */,
			);
			name = Frameworks;
			sourceTree = "<group>";
		};
/* End PBXGroup section */

/* Begin PBXNativeTarget section */
		AB0BA4A71DC15F5C003F7802 /* Moby */ = {
			isa = PBXNativeTarget;
			buildConfigurationList = AB0BA4D01DC15F5D003F7802 /* Build configuration list for PBXNativeTarget "Moby" */;
			buildPhases = (
				64D69A03B495C9589717F2E2 /* [CP] Check Pods Manifest.lock */,
				AB0BA4A41DC15F5C003F7802 /* Sources */,
				AB0BA4A51DC15F5C003F7802 /* Frameworks */,
				AB0BA4A61DC15F5C003F7802 /* Resources */,
				3AE2F210B46546499695BF18 /* [CP] Embed Pods Frameworks */,
				559D293D553D2D2D5F891CA7 /* [CP] Copy Pods Resources */,
			);
			buildRules = (
			);
			dependencies = (
			);
			name = Moby;
			productName = Moby;
			productReference = AB0BA4A81DC15F5C003F7802 /* Moby.app */;
			productType = "com.apple.product-type.application";
		};
		AB0BA4BB1DC15F5D003F7802 /* MobyTests */ = {
			isa = PBXNativeTarget;
			buildConfigurationList = AB0BA4D31DC15F5D003F7802 /* Build configuration list for PBXNativeTarget "MobyTests" */;
			buildPhases = (
				AB0BA4B81DC15F5D003F7802 /* Sources */,
				AB0BA4B91DC15F5D003F7802 /* Frameworks */,
				AB0BA4BA1DC15F5D003F7802 /* Resources */,
			);
			buildRules = (
			);
			dependencies = (
				AB0BA4BE1DC15F5D003F7802 /* PBXTargetDependency */,
			);
			name = MobyTests;
			productName = MobyTests;
			productReference = AB0BA4BC1DC15F5D003F7802 /* MobyTests.xctest */;
			productType = "com.apple.product-type.bundle.unit-test";
		};
		AB0BA4C61DC15F5D003F7802 /* MobyUITests */ = {
			isa = PBXNativeTarget;
			buildConfigurationList = AB0BA4D61DC15F5D003F7802 /* Build configuration list for PBXNativeTarget "MobyUITests" */;
			buildPhases = (
				AB0BA4C31DC15F5D003F7802 /* Sources */,
				AB0BA4C41DC15F5D003F7802 /* Frameworks */,
				AB0BA4C51DC15F5D003F7802 /* Resources */,
			);
			buildRules = (
			);
			dependencies = (
				AB0BA4C91DC15F5D003F7802 /* PBXTargetDependency */,
			);
			name = MobyUITests;
			productName = MobyUITests;
			productReference = AB0BA4C71DC15F5D003F7802 /* MobyUITests.xctest */;
			productType = "com.apple.product-type.bundle.ui-testing";
		};
/* End PBXNativeTarget section */

/* Begin PBXProject section */
		AB0BA4A01DC15F5C003F7802 /* Project object */ = {
			isa = PBXProject;
			attributes = {
				LastSwiftUpdateCheck = 0800;
				LastUpgradeCheck = 0800;
				ORGANIZATIONNAME = Jonathan;
				TargetAttributes = {
					AB0BA4A71DC15F5C003F7802 = {
						CreatedOnToolsVersion = 8.0;
						DevelopmentTeam = 2K5QEB378V;
						ProvisioningStyle = Automatic;
					};
					AB0BA4BB1DC15F5D003F7802 = {
						CreatedOnToolsVersion = 8.0;
						DevelopmentTeam = 2K5QEB378V;
						ProvisioningStyle = Automatic;
						TestTargetID = AB0BA4A71DC15F5C003F7802;
					};
					AB0BA4C61DC15F5D003F7802 = {
						CreatedOnToolsVersion = 8.0;
						DevelopmentTeam = 2K5QEB378V;
						ProvisioningStyle = Automatic;
						TestTargetID = AB0BA4A71DC15F5C003F7802;
					};
				};
			};
			buildConfigurationList = AB0BA4A31DC15F5C003F7802 /* Build configuration list for PBXProject "Moby" */;
			compatibilityVersion = "Xcode 3.2";
			developmentRegion = English;
			hasScannedForEncodings = 0;
			knownRegions = (
				en,
				Base,
			);
			mainGroup = AB0BA49F1DC15F5C003F7802;
			productRefGroup = AB0BA4A91DC15F5C003F7802 /* Products */;
			projectDirPath = "";
			projectRoot = "";
			targets = (
				AB0BA4A71DC15F5C003F7802 /* Moby */,
				AB0BA4BB1DC15F5D003F7802 /* MobyTests */,
				AB0BA4C61DC15F5D003F7802 /* MobyUITests */,
			);
		};
/* End PBXProject section */

/* Begin PBXResourcesBuildPhase section */
		AB0BA4A61DC15F5C003F7802 /* Resources */ = {
			isa = PBXResourcesBuildPhase;
			buildActionMask = 2147483647;
			files = (
				AB0BA4B61DC15F5D003F7802 /* LaunchScreen.storyboard in Resources */,
				AB0BA4B31DC15F5D003F7802 /* Assets.xcassets in Resources */,
				AB0BA4B11DC15F5D003F7802 /* Main.storyboard in Resources */,
			);
			runOnlyForDeploymentPostprocessing = 0;
		};
		AB0BA4BA1DC15F5D003F7802 /* Resources */ = {
			isa = PBXResourcesBuildPhase;
			buildActionMask = 2147483647;
			files = (
			);
			runOnlyForDeploymentPostprocessing = 0;
		};
		AB0BA4C51DC15F5D003F7802 /* Resources */ = {
			isa = PBXResourcesBuildPhase;
			buildActionMask = 2147483647;
			files = (
			);
			runOnlyForDeploymentPostprocessing = 0;
		};
/* End PBXResourcesBuildPhase section */

/* Begin PBXShellScriptBuildPhase section */
		3AE2F210B46546499695BF18 /* [CP] Embed Pods Frameworks */ = {
			isa = PBXShellScriptBuildPhase;
			buildActionMask = 2147483647;
			files = (
			);
			inputPaths = (
			);
			name = "[CP] Embed Pods Frameworks";
			outputPaths = (
			);
			runOnlyForDeploymentPostprocessing = 0;
			shellPath = /bin/sh;
			shellScript = "\"${SRCROOT}/Pods/Target Support Files/Pods-Moby/Pods-Moby-frameworks.sh\"\n";
			showEnvVarsInLog = 0;
		};
		559D293D553D2D2D5F891CA7 /* [CP] Copy Pods Resources */ = {
			isa = PBXShellScriptBuildPhase;
			buildActionMask = 2147483647;
			files = (
			);
			inputPaths = (
			);
			name = "[CP] Copy Pods Resources";
			outputPaths = (
			);
			runOnlyForDeploymentPostprocessing = 0;
			shellPath = /bin/sh;
			shellScript = "\"${SRCROOT}/Pods/Target Support Files/Pods-Moby/Pods-Moby-resources.sh\"\n";
			showEnvVarsInLog = 0;
		};
		64D69A03B495C9589717F2E2 /* [CP] Check Pods Manifest.lock */ = {
			isa = PBXShellScriptBuildPhase;
			buildActionMask = 2147483647;
			files = (
			);
			inputPaths = (
			);
			name = "[CP] Check Pods Manifest.lock";
			outputPaths = (
			);
			runOnlyForDeploymentPostprocessing = 0;
			shellPath = /bin/sh;
			shellScript = "diff \"${PODS_ROOT}/../Podfile.lock\" \"${PODS_ROOT}/Manifest.lock\" > /dev/null\nif [ $? != 0 ] ; then\n    # print error to STDERR\n    echo \"error: The sandbox is not in sync with the Podfile.lock. Run 'pod install' or update your CocoaPods installation.\" >&2\n    exit 1\nfi\n";
			showEnvVarsInLog = 0;
		};
/* End PBXShellScriptBuildPhase section */

/* Begin PBXSourcesBuildPhase section */
		AB0BA4A41DC15F5C003F7802 /* Sources */ = {
			isa = PBXSourcesBuildPhase;
			buildActionMask = 2147483647;
			files = (
				AB3AA2791DC2CE4C000FC168 /* MobyBoat.swift in Sources */,
				AB41EE4F1DC7FCD100B2D71D /* SignupController.swift in Sources */,
				AB9201831E8850760042F1E8 /* SearchClient.swift in Sources */,
				AB9201851E8850D60042F1E8 /* SearchModel.swift in Sources */,
				AB25495C1E3E3CBB000D3E82 /* RealTime.swift in Sources */,
				AB261CF11E90430900DF97CE /* DefaultBar.swift in Sources */,
				AB65030F1E7EB1E600127E9F /* CardCell.swift in Sources */,
				ABC010061E834FB900293E6B /* StripeClient.swift in Sources */,
				AB5BFFD81E632FF5004A1820 /* LoginViewController.swift in Sources */,
				AB33AF081E824A83005AFA6F /* MultiPartUpload.swift in Sources */,
				AB261CED1E8FFFBC00DF97CE /* ExploreExtension.swift in Sources */,
				AB3AA2821DC2E63C000FC168 /* Client.swift in Sources */,
				ABBD9E6D1E6341C700BB6AA1 /* ScanCardViewController.swift in Sources */,
				AB92018B1E8864370042F1E8 /* BoatImages.swift in Sources */,
				AB0BA4AE1DC15F5D003F7802 /* ViewController.swift in Sources */,
				AB6503111E7EB93700127E9F /* ExploreViewController.swift in Sources */,
				AB261CEF1E90273900DF97CE /* FilterView.swift in Sources */,
				ABBD9E701E6352C500BB6AA1 /* CaptinCell.swift in Sources */,
				AB3AA27D1DC2CE7D000FC168 /* Fishermen.swift in Sources */,
				AB261CEB1E8FFDA400DF97CE /* BarView.swift in Sources */,
				AB3AA27B1DC2CE62000FC168 /* Captin.swift in Sources */,
				AB20BCD71E63299B007DADCA /* FishGenerator.swift in Sources */,
				AB20BCD51E632843007DADCA /* Constants.swift in Sources */,
				AB10DF241E8230F20075133D /* IDScannerViewController.swift in Sources */,
				ABF3DC5D1DC6BF54009D09CC /* LandingViewController.swift in Sources */,
				AB9201871E8864150042F1E8 /* Trip.swift in Sources */,
				AB0BA4AC1DC15F5D003F7802 /* AppDelegate.swift in Sources */,
				AB9201891E8864260042F1E8 /* Charge.swift in Sources */,
				AB25495F1E3E675D000D3E82 /* Location.swift in Sources */,
				AB524D571E880EAB00575BAA /* DataStore.swift in Sources */,
				AB4691C11E85A7DD00266C1E /* BankViewController.swift in Sources */,
				AB33136E1E3992DF00F4CD3F /* MainViewController.swift in Sources */,
			);
			runOnlyForDeploymentPostprocessing = 0;
		};
		AB0BA4B81DC15F5D003F7802 /* Sources */ = {
			isa = PBXSourcesBuildPhase;
			buildActionMask = 2147483647;
			files = (
				AB0BA4C11DC15F5D003F7802 /* MobyTests.swift in Sources */,
			);
			runOnlyForDeploymentPostprocessing = 0;
		};
		AB0BA4C31DC15F5D003F7802 /* Sources */ = {
			isa = PBXSourcesBuildPhase;
			buildActionMask = 2147483647;
			files = (
				AB0BA4CC1DC15F5D003F7802 /* MobyUITests.swift in Sources */,
			);
			runOnlyForDeploymentPostprocessing = 0;
		};
/* End PBXSourcesBuildPhase section */

/* Begin PBXTargetDependency section */
		AB0BA4BE1DC15F5D003F7802 /* PBXTargetDependency */ = {
			isa = PBXTargetDependency;
			target = AB0BA4A71DC15F5C003F7802 /* Moby */;
			targetProxy = AB0BA4BD1DC15F5D003F7802 /* PBXContainerItemProxy */;
		};
		AB0BA4C91DC15F5D003F7802 /* PBXTargetDependency */ = {
			isa = PBXTargetDependency;
			target = AB0BA4A71DC15F5C003F7802 /* Moby */;
			targetProxy = AB0BA4C81DC15F5D003F7802 /* PBXContainerItemProxy */;
		};
/* End PBXTargetDependency section */

/* Begin PBXVariantGroup section */
		AB0BA4AF1DC15F5D003F7802 /* Main.storyboard */ = {
			isa = PBXVariantGroup;
			children = (
				AB0BA4B01DC15F5D003F7802 /* Base */,
			);
			name = Main.storyboard;
			sourceTree = "<group>";
		};
		AB0BA4B41DC15F5D003F7802 /* LaunchScreen.storyboard */ = {
			isa = PBXVariantGroup;
			children = (
				AB0BA4B51DC15F5D003F7802 /* Base */,
			);
			name = LaunchScreen.storyboard;
			sourceTree = "<group>";
		};
/* End PBXVariantGroup section */

/* Begin XCBuildConfiguration section */
		AB0BA4CE1DC15F5D003F7802 /* Debug */ = {
			isa = XCBuildConfiguration;
			buildSettings = {
				ALWAYS_SEARCH_USER_PATHS = NO;
				CLANG_ANALYZER_NONNULL = YES;
				CLANG_CXX_LANGUAGE_STANDARD = "gnu++0x";
				CLANG_CXX_LIBRARY = "libc++";
				CLANG_ENABLE_MODULES = YES;
				CLANG_ENABLE_OBJC_ARC = YES;
				CLANG_WARN_BOOL_CONVERSION = YES;
				CLANG_WARN_CONSTANT_CONVERSION = YES;
				CLANG_WARN_DIRECT_OBJC_ISA_USAGE = YES_ERROR;
				CLANG_WARN_DOCUMENTATION_COMMENTS = YES;
				CLANG_WARN_EMPTY_BODY = YES;
				CLANG_WARN_ENUM_CONVERSION = YES;
				CLANG_WARN_INFINITE_RECURSION = YES;
				CLANG_WARN_INT_CONVERSION = YES;
				CLANG_WARN_OBJC_ROOT_CLASS = YES_ERROR;
				CLANG_WARN_SUSPICIOUS_MOVES = YES;
				CLANG_WARN_UNREACHABLE_CODE = YES;
				CLANG_WARN__DUPLICATE_METHOD_MATCH = YES;
				"CODE_SIGN_IDENTITY[sdk=iphoneos*]" = "iPhone Developer";
				COPY_PHASE_STRIP = NO;
				DEBUG_INFORMATION_FORMAT = dwarf;
				ENABLE_STRICT_OBJC_MSGSEND = YES;
				ENABLE_TESTABILITY = YES;
				GCC_C_LANGUAGE_STANDARD = gnu99;
				GCC_DYNAMIC_NO_PIC = NO;
				GCC_NO_COMMON_BLOCKS = YES;
				GCC_OPTIMIZATION_LEVEL = 0;
				GCC_PREPROCESSOR_DEFINITIONS = (
					"DEBUG=1",
					"$(inherited)",
				);
				GCC_WARN_64_TO_32_BIT_CONVERSION = YES;
				GCC_WARN_ABOUT_RETURN_TYPE = YES_ERROR;
				GCC_WARN_UNDECLARED_SELECTOR = YES;
				GCC_WARN_UNINITIALIZED_AUTOS = YES_AGGRESSIVE;
				GCC_WARN_UNUSED_FUNCTION = YES;
				GCC_WARN_UNUSED_VARIABLE = YES;
				IPHONEOS_DEPLOYMENT_TARGET = 10.0;
				MTL_ENABLE_DEBUG_INFO = YES;
				ONLY_ACTIVE_ARCH = YES;
				SDKROOT = iphoneos;
				SWIFT_ACTIVE_COMPILATION_CONDITIONS = DEBUG;
				SWIFT_OPTIMIZATION_LEVEL = "-Onone";
				TARGETED_DEVICE_FAMILY = "1,2";
			};
			name = Debug;
		};
		AB0BA4CF1DC15F5D003F7802 /* Release */ = {
			isa = XCBuildConfiguration;
			buildSettings = {
				ALWAYS_SEARCH_USER_PATHS = NO;
				CLANG_ANALYZER_NONNULL = YES;
				CLANG_CXX_LANGUAGE_STANDARD = "gnu++0x";
				CLANG_CXX_LIBRARY = "libc++";
				CLANG_ENABLE_MODULES = YES;
				CLANG_ENABLE_OBJC_ARC = YES;
				CLANG_WARN_BOOL_CONVERSION = YES;
				CLANG_WARN_CONSTANT_CONVERSION = YES;
				CLANG_WARN_DIRECT_OBJC_ISA_USAGE = YES_ERROR;
				CLANG_WARN_DOCUMENTATION_COMMENTS = YES;
				CLANG_WARN_EMPTY_BODY = YES;
				CLANG_WARN_ENUM_CONVERSION = YES;
				CLANG_WARN_INFINITE_RECURSION = YES;
				CLANG_WARN_INT_CONVERSION = YES;
				CLANG_WARN_OBJC_ROOT_CLASS = YES_ERROR;
				CLANG_WARN_SUSPICIOUS_MOVES = YES;
				CLANG_WARN_UNREACHABLE_CODE = YES;
				CLANG_WARN__DUPLICATE_METHOD_MATCH = YES;
				"CODE_SIGN_IDENTITY[sdk=iphoneos*]" = "iPhone Developer";
				COPY_PHASE_STRIP = NO;
				DEBUG_INFORMATION_FORMAT = "dwarf-with-dsym";
				ENABLE_NS_ASSERTIONS = NO;
				ENABLE_STRICT_OBJC_MSGSEND = YES;
				GCC_C_LANGUAGE_STANDARD = gnu99;
				GCC_NO_COMMON_BLOCKS = YES;
				GCC_WARN_64_TO_32_BIT_CONVERSION = YES;
				GCC_WARN_ABOUT_RETURN_TYPE = YES_ERROR;
				GCC_WARN_UNDECLARED_SELECTOR = YES;
				GCC_WARN_UNINITIALIZED_AUTOS = YES_AGGRESSIVE;
				GCC_WARN_UNUSED_FUNCTION = YES;
				GCC_WARN_UNUSED_VARIABLE = YES;
				IPHONEOS_DEPLOYMENT_TARGET = 10.0;
				MTL_ENABLE_DEBUG_INFO = NO;
				SDKROOT = iphoneos;
				SWIFT_OPTIMIZATION_LEVEL = "-Owholemodule";
				TARGETED_DEVICE_FAMILY = "1,2";
				VALIDATE_PRODUCT = YES;
			};
			name = Release;
		};
		AB0BA4D11DC15F5D003F7802 /* Debug */ = {
			isa = XCBuildConfiguration;
			baseConfigurationReference = DD01DC8344D68B8FF8FF3850 /* Pods-Moby.debug.xcconfig */;
			buildSettings = {
				ASSETCATALOG_COMPILER_APPICON_NAME = AppIcon;
				DEVELOPMENT_TEAM = 2K5QEB378V;
				INFOPLIST_FILE = Moby/Info.plist;
				IPHONEOS_DEPLOYMENT_TARGET = 10.1;
				LD_RUNPATH_SEARCH_PATHS = "$(inherited) @executable_path/Frameworks";
				PRODUCT_BUNDLE_IDENTIFIER = com.nerdhouse.Moby;
				PRODUCT_NAME = "$(TARGET_NAME)";
				SWIFT_OBJC_BRIDGING_HEADER = "/Volumes/Project Drive/Projects/Moby Project/Moby/Moby/Header.h";
				SWIFT_OBJC_INTERFACE_HEADER_NAME = "";
				SWIFT_VERSION = 3.0;
			};
			name = Debug;
		};
		AB0BA4D21DC15F5D003F7802 /* Release */ = {
			isa = XCBuildConfiguration;
			baseConfigurationReference = 1D7EEC2D08EC49F43296277A /* Pods-Moby.release.xcconfig */;
			buildSettings = {
				ASSETCATALOG_COMPILER_APPICON_NAME = AppIcon;
				DEVELOPMENT_TEAM = 2K5QEB378V;
				INFOPLIST_FILE = Moby/Info.plist;
				IPHONEOS_DEPLOYMENT_TARGET = 10.1;
				LD_RUNPATH_SEARCH_PATHS = "$(inherited) @executable_path/Frameworks";
				PRODUCT_BUNDLE_IDENTIFIER = com.nerdhouse.Moby;
				PRODUCT_NAME = "$(TARGET_NAME)";
				SWIFT_OBJC_BRIDGING_HEADER = "/Volumes/Project Drive/Projects/Moby Project/Moby/Moby/Header.h";
				SWIFT_OBJC_INTERFACE_HEADER_NAME = "";
				SWIFT_VERSION = 3.0;
			};
			name = Release;
		};
		AB0BA4D41DC15F5D003F7802 /* Debug */ = {
			isa = XCBuildConfiguration;
			buildSettings = {
				ALWAYS_EMBED_SWIFT_STANDARD_LIBRARIES = YES;
				BUNDLE_LOADER = "$(TEST_HOST)";
				DEVELOPMENT_TEAM = 2K5QEB378V;
				INFOPLIST_FILE = MobyTests/Info.plist;
				LD_RUNPATH_SEARCH_PATHS = "$(inherited) @executable_path/Frameworks @loader_path/Frameworks";
				PRODUCT_BUNDLE_IDENTIFIER = com.nerdhouse.MobyTests;
				PRODUCT_NAME = "$(TARGET_NAME)";
				SWIFT_VERSION = 3.0;
				TEST_HOST = "$(BUILT_PRODUCTS_DIR)/Moby.app/Moby";
			};
			name = Debug;
		};
		AB0BA4D51DC15F5D003F7802 /* Release */ = {
			isa = XCBuildConfiguration;
			buildSettings = {
				ALWAYS_EMBED_SWIFT_STANDARD_LIBRARIES = YES;
				BUNDLE_LOADER = "$(TEST_HOST)";
				DEVELOPMENT_TEAM = 2K5QEB378V;
				INFOPLIST_FILE = MobyTests/Info.plist;
				LD_RUNPATH_SEARCH_PATHS = "$(inherited) @executable_path/Frameworks @loader_path/Frameworks";
				PRODUCT_BUNDLE_IDENTIFIER = com.nerdhouse.MobyTests;
				PRODUCT_NAME = "$(TARGET_NAME)";
				SWIFT_VERSION = 3.0;
				TEST_HOST = "$(BUILT_PRODUCTS_DIR)/Moby.app/Moby";
			};
			name = Release;
		};
		AB0BA4D71DC15F5D003F7802 /* Debug */ = {
			isa = XCBuildConfiguration;
			buildSettings = {
				ALWAYS_EMBED_SWIFT_STANDARD_LIBRARIES = YES;
				DEVELOPMENT_TEAM = 2K5QEB378V;
				INFOPLIST_FILE = MobyUITests/Info.plist;
				LD_RUNPATH_SEARCH_PATHS = "$(inherited) @executable_path/Frameworks @loader_path/Frameworks";
				PRODUCT_BUNDLE_IDENTIFIER = com.nerdhouse.MobyUITests;
				PRODUCT_NAME = "$(TARGET_NAME)";
				SWIFT_VERSION = 3.0;
				TEST_TARGET_NAME = Moby;
			};
			name = Debug;
		};
		AB0BA4D81DC15F5D003F7802 /* Release */ = {
			isa = XCBuildConfiguration;
			buildSettings = {
				ALWAYS_EMBED_SWIFT_STANDARD_LIBRARIES = YES;
				DEVELOPMENT_TEAM = 2K5QEB378V;
				INFOPLIST_FILE = MobyUITests/Info.plist;
				LD_RUNPATH_SEARCH_PATHS = "$(inherited) @executable_path/Frameworks @loader_path/Frameworks";
				PRODUCT_BUNDLE_IDENTIFIER = com.nerdhouse.MobyUITests;
				PRODUCT_NAME = "$(TARGET_NAME)";
				SWIFT_VERSION = 3.0;
				TEST_TARGET_NAME = Moby;
			};
			name = Release;
		};
/* End XCBuildConfiguration section */

/* Begin XCConfigurationList section */
		AB0BA4A31DC15F5C003F7802 /* Build configuration list for PBXProject "Moby" */ = {
			isa = XCConfigurationList;
			buildConfigurations = (
				AB0BA4CE1DC15F5D003F7802 /* Debug */,
				AB0BA4CF1DC15F5D003F7802 /* Release */,
			);
			defaultConfigurationIsVisible = 0;
			defaultConfigurationName = Release;
		};
		AB0BA4D01DC15F5D003F7802 /* Build configuration list for PBXNativeTarget "Moby" */ = {
			isa = XCConfigurationList;
			buildConfigurations = (
				AB0BA4D11DC15F5D003F7802 /* Debug */,
				AB0BA4D21DC15F5D003F7802 /* Release */,
			);
			defaultConfigurationIsVisible = 0;
			defaultConfigurationName = Release;
		};
		AB0BA4D31DC15F5D003F7802 /* Build configuration list for PBXNativeTarget "MobyTests" */ = {
			isa = XCConfigurationList;
			buildConfigurations = (
				AB0BA4D41DC15F5D003F7802 /* Debug */,
				AB0BA4D51DC15F5D003F7802 /* Release */,
			);
			defaultConfigurationIsVisible = 0;
			defaultConfigurationName = Release;
		};
		AB0BA4D61DC15F5D003F7802 /* Build configuration list for PBXNativeTarget "MobyUITests" */ = {
			isa = XCConfigurationList;
			buildConfigurations = (
				AB0BA4D71DC15F5D003F7802 /* Debug */,
				AB0BA4D81DC15F5D003F7802 /* Release */,
			);
			defaultConfigurationIsVisible = 0;
			defaultConfigurationName = Release;
		};
/* End XCConfigurationList section */
	};
	rootObject = AB0BA4A01DC15F5C003F7802 /* Project object */;
}
